
Microsoft Visual Studio Solution File, Format Version 12.00
Project("{FAE04EC0-301F-11D3-BF4B-00C04F79EFBC}") = "NET.MED.API", "NET.MED.API\NET.MED.API.csproj", "{0FA81709-EBF6-4988-B72F-AFF29E1642D5}"
EndProject
Project("{FAE04EC0-301F-11D3-BF4B-00C04F79EFBC}") = "NET.MED.MODELS", "NET.MED.MODELS\NET.MED.MODELS.csproj", "{EFA8F401-7505-4182-9AD8-F45FA38DF496}"
EndProject
Project("{FAE04EC0-301F-11D3-BF4B-00C04F79EFBC}") = "NET.MED.REPOSITORY", "NET.MED.REPOSITORY\NET.MED.REPOSITORY.csproj", "{18222DDA-A6C1-4621-B3B2-CBDACAA50397}"
EndProject
Project("{FAE04EC0-301F-11D3-BF4B-00C04F79EFBC}") = "NET.MED.SERVICE", "NET.MED.SERVICE\NET.MED.SERVICE.csproj", "{9B36F798-B228-41B7-8339-B5813F67B9DD}"
EndProject
Project("{FAE04EC0-301F-11D3-BF4B-00C04F79EFBC}") = "NET.MED.TESTS", "NET.MED.TESTS\NET.MED.TESTS.csproj", "{47EEAC9B-758E-43BD-88F6-B9AAEE6D639C}"
EndProject
Global
	GlobalSection(SolutionConfigurationPlatforms) = preSolution
		Debug|Any CPU = Debug|Any CPU
		Release|Any CPU = Release|Any CPU
	EndGlobalSection
	GlobalSection(ProjectConfigurationPlatforms) = postSolution
		{0FA81709-EBF6-4988-B72F-AFF29E1642D5}.Debug|Any CPU.ActiveCfg = Debug|Any CPU
		{0FA81709-EBF6-4988-B72F-AFF29E1642D5}.Debug|Any CPU.Build.0 = Debug|Any CPU
		{0FA81709-EBF6-4988-B72F-AFF29E1642D5}.Release|Any CPU.ActiveCfg = Release|Any CPU
		{0FA81709-EBF6-4988-B72F-AFF29E1642D5}.Release|Any CPU.Build.0 = Release|Any CPU
		{EFA8F401-7505-4182-9AD8-F45FA38DF496}.Debug|Any CPU.ActiveCfg = Debug|Any CPU
		{EFA8F401-7505-4182-9AD8-F45FA38DF496}.Debug|Any CPU.Build.0 = Debug|Any CPU
		{EFA8F401-7505-4182-9AD8-F45FA38DF496}.Release|Any CPU.ActiveCfg = Release|Any CPU
		{EFA8F401-7505-4182-9AD8-F45FA38DF496}.Release|Any CPU.Build.0 = Release|Any CPU
		{18222DDA-A6C1-4621-B3B2-CBDACAA50397}.Debug|Any CPU.ActiveCfg = Debug|Any CPU
		{18222DDA-A6C1-4621-B3B2-CBDACAA50397}.Debug|Any CPU.Build.0 = Debug|Any CPU
		{18222DDA-A6C1-4621-B3B2-CBDACAA50397}.Release|Any CPU.ActiveCfg = Release|Any CPU
		{18222DDA-A6C1-4621-B3B2-CBDACAA50397}.Release|Any CPU.Build.0 = Release|Any CPU
		{9B36F798-B228-41B7-8339-B5813F67B9DD}.Debug|Any CPU.ActiveCfg = Debug|Any CPU
		{9B36F798-B228-41B7-8339-B5813F67B9DD}.Debug|Any CPU.Build.0 = Debug|Any CPU
		{9B36F798-B228-41B7-8339-B5813F67B9DD}.Release|Any CPU.ActiveCfg = Release|Any CPU
		{9B36F798-B228-41B7-8339-B5813F67B9DD}.Release|Any CPU.Build.0 = Release|Any CPU
		{47EEAC9B-758E-43BD-88F6-B9AAEE6D639C}.Debug|Any CPU.ActiveCfg = Debug|Any CPU
		{47EEAC9B-758E-43BD-88F6-B9AAEE6D639C}.Debug|Any CPU.Build.0 = Debug|Any CPU
		{47EEAC9B-758E-43BD-88F6-B9AAEE6D639C}.Release|Any CPU.ActiveCfg = Release|Any CPU
		{47EEAC9B-758E-43BD-88F6-B9AAEE6D639C}.Release|Any CPU.Build.0 = Release|Any CPU
	EndGlobalSection
EndGlobal
